
Microsoft Visual Studio Solution File, Format Version 12.00
# Visual Studio Version 16
VisualStudioVersion = 16.0.32228.343
MinimumVisualStudioVersion = 10.0.40219.1
Project("{FAE04EC0-301F-11D3-BF4B-00C04F79EFBC}") = "Zadacha1", "Zadacha1\Zadacha1.csproj", "{DBB82E11-FFC3-4182-9B99-C6FA3513FE63}"
EndProject
Project("{FAE04EC0-301F-11D3-BF4B-00C04F79EFBC}") = "Zadacha2", "Zadacha2\Zadacha2.csproj", "{1AC9F13A-E5F8-4624-9FA2-8884ED6B4C21}"
EndProject
Project("{FAE04EC0-301F-11D3-BF4B-00C04F79EFBC}") = "Zadacha3", "Zadacha3\Zadacha3.csproj", "{37C20F86-4AED-42C1-A874-20F42B9828C9}"
EndProject
Global
	GlobalSection(SolutionConfigurationPlatforms) = preSolution
		Debug|Any CPU = Debug|Any CPU
		Release|Any CPU = Release|Any CPU
	EndGlobalSection
	GlobalSection(ProjectConfigurationPlatforms) = postSolution
		{DBB82E11-FFC3-4182-9B99-C6FA3513FE63}.Debug|Any CPU.ActiveCfg = Debug|Any CPU
		{DBB82E11-FFC3-4182-9B99-C6FA3513FE63}.Debug|Any CPU.Build.0 = Debug|Any CPU
		{DBB82E11-FFC3-4182-9B99-C6FA3513FE63}.Release|Any CPU.ActiveCfg = Release|Any CPU
		{DBB82E11-FFC3-4182-9B99-C6FA3513FE63}.Release|Any CPU.Build.0 = Release|Any CPU
		{1AC9F13A-E5F8-4624-9FA2-8884ED6B4C21}.Debug|Any CPU.ActiveCfg = Debug|Any CPU
		{1AC9F13A-E5F8-4624-9FA2-8884ED6B4C21}.Debug|Any CPU.Build.0 = Debug|Any CPU
		{1AC9F13A-E5F8-4624-9FA2-8884ED6B4C21}.Release|Any CPU.ActiveCfg = Release|Any CPU
		{1AC9F13A-E5F8-4624-9FA2-8884ED6B4C21}.Release|Any CPU.Build.0 = Release|Any CPU
		{37C20F86-4AED-42C1-A874-20F42B9828C9}.Debug|Any CPU.ActiveCfg = Debug|Any CPU
		{37C20F86-4AED-42C1-A874-20F42B9828C9}.Debug|Any CPU.Build.0 = Debug|Any CPU
		{37C20F86-4AED-42C1-A874-20F42B9828C9}.Release|Any CPU.ActiveCfg = Release|Any CPU
		{37C20F86-4AED-42C1-A874-20F42B9828C9}.Release|Any CPU.Build.0 = Release|Any CPU
	EndGlobalSection
	GlobalSection(SolutionProperties) = preSolution
		HideSolutionNode = FALSE
	EndGlobalSection
	GlobalSection(ExtensibilityGlobals) = postSolution
		SolutionGuid = {D8545A43-B139-498F-9383-800851D89654}
	EndGlobalSection
EndGlobal
